// !$*UTF8*$!
{
	archiveVersion = 1;
	classes = {
	};
	objectVersion = 46;
	objects = {

/* Begin PBXBuildFile section */
		2711EB931C44305500638452 /* AppDelegate.swift in Sources */ = {isa = PBXBuildFile; fileRef = 2711EB921C44305500638452 /* AppDelegate.swift */; };
		2711EB981C44305500638452 /* Main.storyboard in Resources */ = {isa = PBXBuildFile; fileRef = 2711EB961C44305500638452 /* Main.storyboard */; };
		2711EB9A1C44305500638452 /* Assets.xcassets in Resources */ = {isa = PBXBuildFile; fileRef = 2711EB991C44305500638452 /* Assets.xcassets */; };
		2711EB9D1C44305500638452 /* LaunchScreen.storyboard in Resources */ = {isa = PBXBuildFile; fileRef = 2711EB9B1C44305500638452 /* LaunchScreen.storyboard */; };
		2711EBA51C44612B00638452 /* ProductViewController.swift in Sources */ = {isa = PBXBuildFile; fileRef = 2711EBA41C44612B00638452 /* ProductViewController.swift */; };
		2711EBA91C448C9700638452 /* ContactViewController.swift in Sources */ = {isa = PBXBuildFile; fileRef = 2711EBA81C448C9700638452 /* ContactViewController.swift */; };
		2711EBAB1C4DAB6500638452 /* ProductsTableViewController.swift in Sources */ = {isa = PBXBuildFile; fileRef = 2711EBAA1C4DAB6500638452 /* ProductsTableViewController.swift */; };
		2711EBAD1C4DE66900638452 /* Product.swift in Sources */ = {isa = PBXBuildFile; fileRef = 2711EBAC1C4DE66900638452 /* Product.swift */; };
/* End PBXBuildFile section */

/* Begin PBXFileReference section */
		2711EB8F1C44305500638452 /* GoodAsOldPhones.app */ = {isa = PBXFileReference; explicitFileType = wrapper.application; includeInIndex = 0; path = GoodAsOldPhones.app; sourceTree = BUILT_PRODUCTS_DIR; };
		2711EB921C44305500638452 /* AppDelegate.swift */ = {isa = PBXFileReference; lastKnownFileType = sourcecode.swift; path = AppDelegate.swift; sourceTree = "<group>"; };
		2711EB971C44305500638452 /* Base */ = {isa = PBXFileReference; lastKnownFileType = file.storyboard; name = Base; path = Base.lproj/Main.storyboard; sourceTree = "<group>"; };
		2711EB991C44305500638452 /* Assets.xcassets */ = {isa = PBXFileReference; lastKnownFileType = folder.assetcatalog; path = Assets.xcassets; sourceTree = "<group>"; };
		2711EB9C1C44305500638452 /* Base */ = {isa = PBXFileReference; lastKnownFileType = file.storyboard; name = Base; path = Base.lproj/LaunchScreen.storyboard; sourceTree = "<group>"; };
		2711EB9E1C44305500638452 /* Info.plist */ = {isa = PBXFileReference; lastKnownFileType = text.plist.xml; path = Info.plist; sourceTree = "<group>"; };
		2711EBA41C44612B00638452 /* ProductViewController.swift */ = {isa = PBXFileReference; fileEncoding = 4; lastKnownFileType = sourcecode.swift; path = ProductViewController.swift; sourceTree = "<group>"; };
		2711EBA81C448C9700638452 /* ContactViewController.swift */ = {isa = PBXFileReference; fileEncoding = 4; lastKnownFileType = sourcecode.swift; path = ContactViewController.swift; sourceTree = "<group>"; };
		2711EBAA1C4DAB6500638452 /* ProductsTableViewController.swift */ = {isa = PBXFileReference; fileEncoding = 4; lastKnownFileType = sourcecode.swift; path = ProductsTableViewController.swift; sourceTree = "<group>"; };
		2711EBAC1C4DE66900638452 /* Product.swift */ = {isa = PBXFileReference; fileEncoding = 4; lastKnownFileType = sourcecode.swift; path = Product.swift; sourceTree = "<group>"; };
/* End PBXFileReference section */

/* Begin PBXFrameworksBuildPhase section */
		2711EB8C1C44305500638452 /* Frameworks */ = {
			isa = PBXFrameworksBuildPhase;
			buildActionMask = 2147483647;
			files = (
			);
			runOnlyForDeploymentPostprocessing = 0;
		};
/* End PBXFrameworksBuildPhase section */

/* Begin PBXGroup section */
		2711EB861C44305500638452 = {
			isa = PBXGroup;
			children = (
				2711EB911C44305500638452 /* GoodAsOldPhones */,
				2711EB901C44305500638452 /* Products */,
			);
			sourceTree = "<group>";
		};
		2711EB901C44305500638452 /* Products */ = {
			isa = PBXGroup;
			children = (
				2711EB8F1C44305500638452 /* GoodAsOldPhones.app */,
			);
			name = Products;
			sourceTree = "<group>";
		};
		2711EB911C44305500638452 /* GoodAsOldPhones */ = {
			isa = PBXGroup;
			children = (
				2711EB921C44305500638452 /* AppDelegate.swift */,
				2711EB961C44305500638452 /* Main.storyboard */,
				2711EB991C44305500638452 /* Assets.xcassets */,
				2711EB9B1C44305500638452 /* LaunchScreen.storyboard */,
				2711EB9E1C44305500638452 /* Info.plist */,
				2711EBA41C44612B00638452 /* ProductViewController.swift */,
				2711EBA81C448C9700638452 /* ContactViewController.swift */,
				2711EBAA1C4DAB6500638452 /* ProductsTableViewController.swift */,
				2711EBAC1C4DE66900638452 /* Product.swift */,
			);
			path = GoodAsOldPhones;
			sourceTree = "<group>";
		};
/* End PBXGroup section */

/* Begin PBXNativeTarget section */
		2711EB8E1C44305500638452 /* GoodAsOldPhones */ = {
			isa = PBXNativeTarget;
			buildConfigurationList = 2711EBA11C44305500638452 /* Build configuration list for PBXNativeTarget "GoodAsOldPhones" */;
			buildPhases = (
				2711EB8B1C44305500638452 /* Sources */,
				2711EB8C1C44305500638452 /* Frameworks */,
				2711EB8D1C44305500638452 /* Resources */,
			);
			buildRules = (
			);
			dependencies = (
			);
			name = GoodAsOldPhones;
			productName = GoodAsOldPhones;
			productReference = 2711EB8F1C44305500638452 /* GoodAsOldPhones.app */;
			productType = "com.apple.product-type.application";
		};
/* End PBXNativeTarget section */

/* Begin PBXProject section */
		2711EB871C44305500638452 /* Project object */ = {
			isa = PBXProject;
			attributes = {
				LastSwiftUpdateCheck = 0720;
				LastUpgradeCheck = 0720;
				ORGANIZATIONNAME = NinjaRobot;
				TargetAttributes = {
					2711EB8E1C44305500638452 = {
						CreatedOnToolsVersion = 7.2;
					};
				};
			};
			buildConfigurationList = 2711EB8A1C44305500638452 /* Build configuration list for PBXProject "GoodAsOldPhones" */;
			compatibilityVersion = "Xcode 3.2";
			developmentRegion = English;
			hasScannedForEncodings = 0;
			knownRegions = (
				en,
				Base,
			);
			mainGroup = 2711EB861C44305500638452;
			productRefGroup = 2711EB901C44305500638452 /* Products */;
			projectDirPath = "";
			projectRoot = "";
			targets = (
				2711EB8E1C44305500638452 /* GoodAsOldPhones */,
			);
		};
/* End PBXProject section */

/* Begin PBXResourcesBuildPhase section */
		2711EB8D1C44305500638452 /* Resources */ = {
			isa = PBXResourcesBuildPhase;
			buildActionMask = 2147483647;
			files = (
				2711EB9D1C44305500638452 /* LaunchScreen.storyboard in Resources */,
				2711EB9A1C44305500638452 /* Assets.xcassets in Resources */,
				2711EB981C44305500638452 /* Main.storyboard in Resources */,
			);
			runOnlyForDeploymentPostprocessing = 0;
		};
/* End PBXResourcesBuildPhase section */

/* Begin PBXSourcesBuildPhase section */
		2711EB8B1C44305500638452 /* Sources */ = {
			isa = PBXSourcesBuildPhase;
			buildActionMask = 2147483647;
			files = (
				2711EBA51C44612B00638452 /* ProductViewController.swift in Sources */,
				2711EBAB1C4DAB6500638452 /* ProductsTableViewController.swift in Sources */,
				2711EBAD1C4DE66900638452 /* Product.swift in Sources */,
				2711EB931C44305500638452 /* AppDelegate.swift in Sources */,
				2711EBA91C448C9700638452 /* ContactViewController.swift in Sources */,
			);
			runOnlyForDeploymentPostprocessing = 0;
		};
/* End PBXSourcesBuildPhase section */

/* Begin PBXVariantGroup section */
		2711EB961C44305500638452 /* Main.storyboard */ = {
			isa = PBXVariantGroup;
			children = (
				2711EB971C44305500638452 /* Base */,
			);
			name = Main.storyboard;
			sourceTree = "<group>";
		};
		2711EB9B1C44305500638452 /* LaunchScreen.storyboard */ = {
			isa = PBXVariantGroup;
			children = (
				2711EB9C1C44305500638452 /* Base */,
			);
			name = LaunchScreen.storyboard;
			sourceTree = "<group>";
		};
/* End PBXVariantGroup section */

/* Begin XCBuildConfiguration section */
		2711EB9F1C44305500638452 /* Debug */ = {
			isa = XCBuildConfiguration;
			buildSettings = {
				ALWAYS_SEARCH_USER_PATHS = NO;
				CLANG_CXX_LANGUAGE_STANDARD = "gnu++0x";
				CLANG_CXX_LIBRARY = "libc++";
				CLANG_ENABLE_MODULES = YES;
				CLANG_ENABLE_OBJC_ARC = YES;
				CLANG_WARN_BOOL_CONVERSION = YES;
				CLANG_WARN_CONSTANT_CONVERSION = YES;
				CLANG_WARN_DIRECT_OBJC_ISA_USAGE = YES_ERROR;
				CLANG_WARN_EMPTY_BODY = YES;
				CLANG_WARN_ENUM_CONVERSION = YES;
				CLANG_WARN_INT_CONVERSION = YES;
				CLANG_WARN_OBJC_ROOT_CLASS = YES_ERROR;
				CLANG_WARN_UNREACHABLE_CODE = YES;
				CLANG_WARN__DUPLICATE_METHOD_MATCH = YES;
				"CODE_SIGN_IDENTITY[sdk=iphoneos*]" = "iPhone Developer";
				COPY_PHASE_STRIP = NO;
				DEBUG_INFORMATION_FORMAT = dwarf;
				ENABLE_STRICT_OBJC_MSGSEND = YES;
				ENABLE_TESTABILITY = YES;
				GCC_C_LANGUAGE_STANDARD = gnu99;
				GCC_DYNAMIC_NO_PIC = NO;
				GCC_NO_COMMON_BLOCKS = YES;
				GCC_OPTIMIZATION_LEVEL = 0;
				GCC_PREPROCESSOR_DEFINITIONS = (
					"DEBUG=1",
					"$(inherited)",
				);
				GCC_WARN_64_TO_32_BIT_CONVERSION = YES;
				GCC_WARN_ABOUT_RETURN_TYPE = YES_ERROR;
				GCC_WARN_UNDECLARED_SELECTOR = YES;
				GCC_WARN_UNINITIALIZED_AUTOS = YES_AGGRESSIVE;
				GCC_WARN_UNUSED_FUNCTION = YES;
				GCC_WARN_UNUSED_VARIABLE = YES;
				IPHONEOS_DEPLOYMENT_TARGET = 9.2;
				MTL_ENABLE_DEBUG_INFO = YES;
				ONLY_ACTIVE_ARCH = YES;
				SDKROOT = iphoneos;
				SWIFT_OPTIMIZATION_LEVEL = "-Onone";
			};
			name = Debug;
		};
		2711EBA01C44305500638452 /* Release */ = {
			isa = XCBuildConfiguration;
			buildSettings = {
				ALWAYS_SEARCH_USER_PATHS = NO;
				CLANG_CXX_LANGUAGE_STANDARD = "gnu++0x";
				CLANG_CXX_LIBRARY = "libc++";
				CLANG_ENABLE_MODULES = YES;
				CLANG_ENABLE_OBJC_ARC = YES;
				CLANG_WARN_BOOL_CONVERSION = YES;
				CLANG_WARN_CONSTANT_CONVERSION = YES;
				CLANG_WARN_DIRECT_OBJC_ISA_USAGE = YES_ERROR;
				CLANG_WARN_EMPTY_BODY = YES;
				CLANG_WARN_ENUM_CONVERSION = YES;
				CLANG_WARN_INT_CONVERSION = YES;
				CLANG_WARN_OBJC_ROOT_CLASS = YES_ERROR;
				CLANG_WARN_UNREACHABLE_CODE = YES;
				CLANG_WARN__DUPLICATE_METHOD_MATCH = YES;
				"CODE_SIGN_IDENTITY[sdk=iphoneos*]" = "iPhone Developer";
				COPY_PHASE_STRIP = NO;
				DEBUG_INFORMATION_FORMAT = "dwarf-with-dsym";
				ENABLE_NS_ASSERTIONS = NO;
				ENABLE_STRICT_OBJC_MSGSEND = YES;
				GCC_C_LANGUAGE_STANDARD = gnu99;
				GCC_NO_COMMON_BLOCKS = YES;
				GCC_WARN_64_TO_32_BIT_CONVERSION = YES;
				GCC_WARN_ABOUT_RETURN_TYPE = YES_ERROR;
				GCC_WARN_UNDECLARED_SELECTOR = YES;
				GCC_WARN_UNINITIALIZED_AUTOS = YES_AGGRESSIVE;
				GCC_WARN_UNUSED_FUNCTION = YES;
				GCC_WARN_UNUSED_VARIABLE = YES;
				IPHONEOS_DEPLOYMENT_TARGET = 9.2;
				MTL_ENABLE_DEBUG_INFO = NO;
				SDKROOT = iphoneos;
				VALIDATE_PRODUCT = YES;
			};
			name = Release;
		};
		2711EBA21C44305500638452 /* Debug */ = {
			isa = XCBuildConfiguration;
			buildSettings = {
				ASSETCATALOG_COMPILER_APPICON_NAME = AppIcon;
				INFOPLIST_FILE = GoodAsOldPhones/Info.plist;
				LD_RUNPATH_SEARCH_PATHS = "$(inherited) @executable_path/Frameworks";
				PRODUCT_BUNDLE_IDENTIFIER = co.ninjarobot.GoodAsOldPhones;
				PRODUCT_NAME = "$(TARGET_NAME)";
			};
			name = Debug;
		};
		2711EBA31C44305500638452 /* Release */ = {
			isa = XCBuildConfiguration;
			buildSettings = {
				ASSETCATALOG_COMPILER_APPICON_NAME = AppIcon;
				INFOPLIST_FILE = GoodAsOldPhones/Info.plist;
				LD_RUNPATH_SEARCH_PATHS = "$(inherited) @executable_path/Frameworks";
				PRODUCT_BUNDLE_IDENTIFIER = co.ninjarobot.GoodAsOldPhones;
				PRODUCT_NAME = "$(TARGET_NAME)";
			};
			name = Release;
		};
/* End XCBuildConfiguration section */

/* Begin XCConfigurationList section */
		2711EB8A1C44305500638452 /* Build configuration list for PBXProject "GoodAsOldPhones" */ = {
			isa = XCConfigurationList;
			buildConfigurations = (
				2711EB9F1C44305500638452 /* Debug */,
				2711EBA01C44305500638452 /* Release */,
			);
			defaultConfigurationIsVisible = 0;
			defaultConfigurationName = Release;
		};
		2711EBA11C44305500638452 /* Build configuration list for PBXNativeTarget "GoodAsOldPhones" */ = {
			isa = XCConfigurationList;
			buildConfigurations = (
				2711EBA21C44305500638452 /* Debug */,
				2711EBA31C44305500638452 /* Release */,
			);
			defaultConfigurationIsVisible = 0;
		};
/* End XCConfigurationList section */
	};
	rootObject = 2711EB871C44305500638452 /* Project object */;
}
